PODS:
  - AppAuth (1.6.0):
    - AppAuth/Core (= 1.6.0)
    - AppAuth/ExternalUserAgent (= 1.6.0)
  - AppAuth/Core (1.6.0)
  - AppAuth/ExternalUserAgent (1.6.0):
    - AppAuth/Core
  - audioplayers_darwin (0.0.1):
    - Flutter
  - camera_avfoundation (0.0.1):
    - Flutter
  - device_info_plus (0.0.1):
    - Flutter
  - ffmpeg-kit-ios-https (5.1.LTS)
  - ffmpeg_kit_flutter (5.1.0.LTS):
    - ffmpeg_kit_flutter/https-lts (= 5.1.0.LTS)
    - Flutter
  - ffmpeg_kit_flutter/https-lts (5.1.0.LTS):
    - ffmpeg-kit-ios-https (= 5.1.LTS)
    - Flutter
  - Flutter (1.0.0)
  - flutter_native_splash (0.0.1):
    - Flutter
  - flutter_tts (0.0.1):
    - Flutter
  - flutter_voice_processor (1.0.6):
    - Flutter
  - gallery_saver (0.0.1):
    - Flutter
  - google_sign_in_ios (0.0.1):
    - Flutter
    - GoogleSignIn (~> 6.2)
  - GoogleSignIn (6.2.4):
    - AppAuth (~> 1.5)
    - GTMAppAuth (~> 1.3)
    - GTMSessionFetcher/Core (< 3.0, >= 1.1)
  - GTMAppAuth (1.3.1):
    - AppAuth/Core (~> 1.6)
    - GTMSessionFetcher/Core (< 3.0, >= 1.5)
  - GTMSessionFetcher/Core (2.3.0)
  - image_crop (0.0.1):
    - Flutter
  - image_picker_ios (0.0.1):
    - Flutter
  - ios-voice-processor (1.0.3)
  - path_provider_foundation (0.0.1):
    - Flutter
    - FlutterMacOS
  - PlainPocketFFT (0.0.9)
  - PocketFFT (0.0.1)
  - Porcupine-iOS (2.1.2):
    - ios-voice-processor (~> 1.0.2)
  - porcupine_flutter (2.1.6):
    - Flutter
    - Porcupine-iOS (~> 2.1.2)
  - record (0.0.1):
    - Flutter
  - RosaKit (0.0.11):
    - PlainPocketFFT (~> 0.0.9)
    - PocketFFT (~> 0.0.1)
  - RxCocoa (6.5.0):
    - RxRelay (= 6.5.0)
    - RxSwift (= 6.5.0)
  - RxRelay (6.5.0):
    - RxSwift (= 6.5.0)
  - RxSwift (6.5.0)
  - sensors (0.0.1):
    - Flutter
  - sensors_plus (0.0.1):
    - Flutter
  - share_plus (0.0.1):
    - Flutter
  - shared_preferences_foundation (0.0.1):
    - Flutter
    - FlutterMacOS
  - TensorFlowLiteC (2.6.0):
    - TensorFlowLiteC/Core (= 2.6.0)
  - TensorFlowLiteC/Core (2.6.0)
  - TensorFlowLiteSwift (2.6.0):
    - TensorFlowLiteSwift/Core (= 2.6.0)
  - TensorFlowLiteSwift/Core (2.6.0):
    - TensorFlowLiteC (= 2.6.0)
  - tflite_audio (0.3.0):
    - Flutter
    - RosaKit
    - RxCocoa (= 6.5.0)
    - RxSwift (= 6.5.0)
    - TensorFlowLiteSwift (~> 2.6.0)
  - wakelock (0.0.1):
    - Flutter

DEPENDENCIES:
  - audioplayers_darwin (from `.symlinks/plugins/audioplayers_darwin/ios`)
  - camera_avfoundation (from `.symlinks/plugins/camera_avfoundation/ios`)
  - device_info_plus (from `.symlinks/plugins/device_info_plus/ios`)
  - ffmpeg_kit_flutter (from `.symlinks/plugins/ffmpeg_kit_flutter/ios`)
  - Flutter (from `Flutter`)
  - flutter_native_splash (from `.symlinks/plugins/flutter_native_splash/ios`)
  - flutter_tts (from `.symlinks/plugins/flutter_tts/ios`)
  - flutter_voice_processor (from `.symlinks/plugins/flutter_voice_processor/ios`)
  - gallery_saver (from `.symlinks/plugins/gallery_saver/ios`)
  - google_sign_in_ios (from `.symlinks/plugins/google_sign_in_ios/ios`)
  - image_crop (from `.symlinks/plugins/image_crop/ios`)
  - image_picker_ios (from `.symlinks/plugins/image_picker_ios/ios`)
  - path_provider_foundation (from `.symlinks/plugins/path_provider_foundation/darwin`)
  - porcupine_flutter (from `.symlinks/plugins/porcupine_flutter/ios`)
  - record (from `.symlinks/plugins/record/ios`)
  - sensors (from `.symlinks/plugins/sensors/ios`)
  - sensors_plus (from `.symlinks/plugins/sensors_plus/ios`)
  - share_plus (from `.symlinks/plugins/share_plus/ios`)
  - shared_preferences_foundation (from `.symlinks/plugins/shared_preferences_foundation/darwin`)
  - tflite_audio (from `.symlinks/plugins/tflite_audio/ios`)
  - wakelock (from `.symlinks/plugins/wakelock/ios`)

SPEC REPOS:
  trunk:
    - AppAuth
    - ffmpeg-kit-ios-https
    - GoogleSignIn
    - GTMAppAuth
    - GTMSessionFetcher
    - ios-voice-processor
    - PlainPocketFFT
    - PocketFFT
    - Porcupine-iOS
    - RosaKit
    - RxCocoa
    - RxRelay
    - RxSwift
    - TensorFlowLiteC
    - TensorFlowLiteSwift

EXTERNAL SOURCES:
  audioplayers_darwin:
    :path: ".symlinks/plugins/audioplayers_darwin/ios"
  camera_avfoundation:
    :path: ".symlinks/plugins/camera_avfoundation/ios"
  device_info_plus:
    :path: ".symlinks/plugins/device_info_plus/ios"
  ffmpeg_kit_flutter:
    :path: ".symlinks/plugins/ffmpeg_kit_flutter/ios"
  Flutter:
    :path: Flutter
  flutter_native_splash:
    :path: ".symlinks/plugins/flutter_native_splash/ios"
  flutter_tts:
    :path: ".symlinks/plugins/flutter_tts/ios"
  flutter_voice_processor:
    :path: ".symlinks/plugins/flutter_voice_processor/ios"
  gallery_saver:
    :path: ".symlinks/plugins/gallery_saver/ios"
  google_sign_in_ios:
    :path: ".symlinks/plugins/google_sign_in_ios/ios"
  image_crop:
    :path: ".symlinks/plugins/image_crop/ios"
  image_picker_ios:
    :path: ".symlinks/plugins/image_picker_ios/ios"
  path_provider_foundation:
    :path: ".symlinks/plugins/path_provider_foundation/darwin"
  porcupine_flutter:
    :path: ".symlinks/plugins/porcupine_flutter/ios"
  record:
    :path: ".symlinks/plugins/record/ios"
  sensors:
    :path: ".symlinks/plugins/sensors/ios"
  sensors_plus:
    :path: ".symlinks/plugins/sensors_plus/ios"
  share_plus:
    :path: ".symlinks/plugins/share_plus/ios"
  shared_preferences_foundation:
    :path: ".symlinks/plugins/shared_preferences_foundation/darwin"
  tflite_audio:
    :path: ".symlinks/plugins/tflite_audio/ios"
  wakelock:
    :path: ".symlinks/plugins/wakelock/ios"

SPEC CHECKSUMS:
  AppAuth: 8fca6b5563a5baef2c04bee27538025e4ceb2add
  audioplayers_darwin: 877d9a4d06331c5c374595e46e16453ac7eafa40
  camera_avfoundation: 3125e8cd1a4387f6f31c6c63abb8a55892a9eeeb
  device_info_plus: e5c5da33f982a436e103237c0c85f9031142abed
  ffmpeg-kit-ios-https: 9e50ffa7eaa6272a0021829e054ef241f2ecffb2
  ffmpeg_kit_flutter: fb5bee3a6038231463ee99e30f97a5763e0ae40f
  Flutter: f04841e97a9d0b0a8025694d0796dd46242b2854
  flutter_native_splash: 52501b97d1c0a5f898d687f1646226c1f93c56ef
  flutter_tts: 0f492aab6accf87059b72354fcb4ba934304771d
  flutter_voice_processor: afb59b604d99397a1ccf15c935ac8f2c2327f09f
  gallery_saver: 9fc173c9f4fcc48af53b2a9ebea1b643255be542
  google_sign_in_ios: 1256ff9d941db546373826966720b0c24804bcdd
  GoogleSignIn: 5651ce3a61e56ca864160e79b484cd9ed3f49b7a
  GTMAppAuth: 0ff230db599948a9ad7470ca667337803b3fc4dd
  GTMSessionFetcher: 3a63d75eecd6aa32c2fc79f578064e1214dfdec2
  image_crop: e0a67085d3ebf3cf46ca46d61c53a082507b0bc3
  image_picker_ios: 4a8aadfbb6dc30ad5141a2ce3832af9214a705b5
  ios-voice-processor: 65b25a8db69ea25ffba0eeef37bae71a982f34cc
  path_provider_foundation: c68054786f1b4f3343858c1e1d0caaded73f0be9
  PlainPocketFFT: 3763f37fba0737e457ed1a3b9b7bfa70c00ff213
  PocketFFT: cdbe7ef5b7cd08520655d85d03d701b5ba35fdec
  Porcupine-iOS: 884f40edadf4b72fac6fae768d3247bdb48841f7
  porcupine_flutter: b1f28f08b9da19bcba7adb38e6231b55ebdd0558
  record: cae05d8dd3cdb1dea3511b20e5a5811a1ae00d0d
  RosaKit: 6e28b09f5eb990148a401e0c4b4ff0c207bd6569
  RxCocoa: 94f817b71c07517321eb4f9ad299112ca8af743b
  RxRelay: 1de1523e604c72b6c68feadedd1af3b1b4d0ecbd
  RxSwift: 5710a9e6b17f3c3d6e40d6e559b9fa1e813b2ef8
  sensors: 84eb7a30e47a649e4172b71d6e81be614c280336
  sensors_plus: 5717760720f7e6acd96fdbd75b7428f5ad755ec2
  share_plus: 056a1e8ac890df3e33cb503afffaf1e9b4fbae68
  shared_preferences_foundation: 986fc17f3d3251412d18b0265f9c64113a8c2472
  TensorFlowLiteC: 869f93708210ed939fc40f40c772a120b7f964d1
  TensorFlowLiteSwift: 78bc548132d2cae55643f3238359a24a6eb92b88
  tflite_audio: 015c689256a19a84fad384c11c24f250756c8726
  wakelock: d0fc7c864128eac40eba1617cb5264d9c940b46f

PODFILE CHECKSUM: f9420bd595da8fbce156b547dcd3368afc5226ff

COCOAPODS: 1.12.0
